
Microsoft Visual Studio Solution File, Format Version 12.00
# Visual Studio Version 17
VisualStudioVersion = 17.8.34525.116
MinimumVisualStudioVersion = 10.0.40219.1
Project("{FAE04EC0-301F-11D3-BF4B-00C04F79EFBC}") = "Calculator", "WpfApp\Calculator.csproj", "{42484E26-481F-4CE4-9351-F2DB2060694B}"
EndProject
Global
	GlobalSection(SolutionConfigurationPlatforms) = preSolution
		Debug|Any CPU = Debug|Any CPU
		Release|Any CPU = Release|Any CPU
	EndGlobalSection
	GlobalSection(ProjectConfigurationPlatforms) = postSolution
		{42484E26-481F-4CE4-9351-F2DB2060694B}.Debug|Any CPU.ActiveCfg = Debug|Any CPU
		{42484E26-481F-4CE4-9351-F2DB2060694B}.Debug|Any CPU.Build.0 = Debug|Any CPU
		{42484E26-481F-4CE4-9351-F2DB2060694B}.Release|Any CPU.ActiveCfg = Release|Any CPU
		{42484E26-481F-4CE4-9351-F2DB2060694B}.Release|Any CPU.Build.0 = Release|Any CPU
	EndGlobalSection
	GlobalSection(SolutionProperties) = preSolution
		HideSolutionNode = FALSE
	EndGlobalSection
	GlobalSection(ExtensibilityGlobals) = postSolution
		SolutionGuid = {05A303B7-998A-42E2-B896-C5B0388B1C88}
	EndGlobalSection
EndGlobal
